
Microsoft Visual Studio Solution File, Format Version 12.00
Project("{FAE04EC0-301F-11D3-BF4B-00C04F79EFBC}") = "KeeChain.Application.Cli", "KeeChain.Application.Cli\KeeChain.Application.Cli.csproj", "{6A84C735-2DFF-48A0-9C34-128CFAACDCC7}"
EndProject
Project("{FAE04EC0-301F-11D3-BF4B-00C04F79EFBC}") = "KeeChain.Warlin", "KeeChain.Warlin\KeeChain.Warlin.csproj", "{F23A25C5-B3A3-45E8-848A-BD47AA873069}"
EndProject
Global
	GlobalSection(SolutionConfigurationPlatforms) = preSolution
		Debug|Any CPU = Debug|Any CPU
		Release|Any CPU = Release|Any CPU
	EndGlobalSection
	GlobalSection(ProjectConfigurationPlatforms) = postSolution
		{6A84C735-2DFF-48A0-9C34-128CFAACDCC7}.Debug|Any CPU.ActiveCfg = Debug|Any CPU
		{6A84C735-2DFF-48A0-9C34-128CFAACDCC7}.Debug|Any CPU.Build.0 = Debug|Any CPU
		{6A84C735-2DFF-48A0-9C34-128CFAACDCC7}.Release|Any CPU.ActiveCfg = Release|Any CPU
		{6A84C735-2DFF-48A0-9C34-128CFAACDCC7}.Release|Any CPU.Build.0 = Release|Any CPU
		{F23A25C5-B3A3-45E8-848A-BD47AA873069}.Debug|Any CPU.ActiveCfg = Debug|Any CPU
		{F23A25C5-B3A3-45E8-848A-BD47AA873069}.Debug|Any CPU.Build.0 = Debug|Any CPU
		{F23A25C5-B3A3-45E8-848A-BD47AA873069}.Release|Any CPU.ActiveCfg = Release|Any CPU
		{F23A25C5-B3A3-45E8-848A-BD47AA873069}.Release|Any CPU.Build.0 = Release|Any CPU
	EndGlobalSection
EndGlobal
